<?xml version="1.0" encoding="utf-8"?>
<Project ToolsVersion="4.0" xmlns="http://schemas.microsoft.com/developer/msbuild/2003">
  <ItemGroup>
    <Filter Include="Quelldateien">
      <UniqueIdentifier>{4FC737F1-C7A5-4376-A066-2A32D752A2FF}</UniqueIdentifier>
      <Extensions>cpp;c;cc;cxx;c++;cppm;ixx;def;odl;idl;hpj;bat;asm;asmx</Extensions>
    </Filter>
    <Filter Include="Headerdateien">
      <UniqueIdentifier>{93995380-89BD-4b04-88EB-625FBE52EBFB}</UniqueIdentifier>
      <Extensions>h;hh;hpp;hxx;h++;hm;inl;inc;ipp;xsd</Extensions>
    </Filter>
    <Filter Include="Ressourcendateien">
      <UniqueIdentifier>{67DA6AB6-F800-4c08-8B7A-83BB121AAD01}</UniqueIdentifier>
      <Extensions>rc;ico;cur;bmp;dlg;rc2;rct;bin;rgs;gif;jpg;jpeg;jpe;resx;tiff;tif;png;wav;mfcribbon-ms</Extensions>
    </Filter>
    <Filter Include="Headerdateien\wrapper">
      <UniqueIdentifier>{5850d26d-258f-4fe3-84f8-99d055f619f3}</UniqueIdentifier>
    </Filter>
    <Filter Include="Headerdateien\util">
      <UniqueIdentifier>{0bc7f19d-932c-4fd4-a461-c07662138d3d}</UniqueIdentifier>
    </Filter>
    <Filter Include="Headerdateien\gui">
      <UniqueIdentifier>{5ef415cf-facc-4800-b574-e9452243ef03}</UniqueIdentifier>
    </Filter>
    <Filter Include="Headerdateien\wrapper\number">
      <UniqueIdentifier>{99e509f5-25d8-4a3b-b143-b768d493d49f}</UniqueIdentifier>
    </Filter>
    <Filter Include="Headerdateien\interfaces">
      <UniqueIdentifier>{47fae01c-0fa6-4db8-82e5-51fdcfdb6ef2}</UniqueIdentifier>
    </Filter>
  </ItemGroup>
  <ItemGroup>
    <ClCompile Include="main.c">
      <Filter>Quelldateien</Filter>
    </ClCompile>
    <ClCompile Include="object.c">
      <Filter>Quelldateien</Filter>
    </ClCompile>
    <ClCompile Include="abstractCollection.c">
      <Filter>Quelldateien</Filter>
    </ClCompile>
    <ClCompile Include="array.c">
      <Filter>Quelldateien</Filter>
    </ClCompile>
  </ItemGroup>
  <ItemGroup>
    <ClInclude Include="macro.h">
      <Filter>Headerdateien</Filter>
    </ClInclude>
    <ClInclude Include="stdlib.h">
      <Filter>Headerdateien</Filter>
    </ClInclude>
    <ClInclude Include="object.h">
      <Filter>Headerdateien</Filter>
    </ClInclude>
    <ClInclude Include="abstractCollection.h">
      <Filter>Headerdateien</Filter>
    </ClInclude>
    <ClInclude Include="array.h">
      <Filter>Headerdateien</Filter>
    </ClInclude>
  </ItemGroup>
</Project>